
Microsoft Visual Studio Solution File, Format Version 12.00
# Visual Studio 2012
Project("{2150E333-8FDC-42A3-9474-1A3956D46DE8}") = ".nuget", ".nuget", "{D2BCFD43-3FDD-4B23-B7CC-DBDBCAA33437}"
	ProjectSection(SolutionItems) = preProject
		.nuget\NuGet.exe = .nuget\NuGet.exe
		.nuget\NuGet.targets = .nuget\NuGet.targets
	EndProjectSection
EndProject
Project("{FAE04EC0-301F-11D3-BF4B-00C04F79EFBC}") = "AppHarbor.Web.Security", "AppHarbor.Web.Security\AppHarbor.Web.Security.csproj", "{BA59E36D-677F-4F70-94DF-C75C8860F67B}"
EndProject
Project("{FAE04EC0-301F-11D3-BF4B-00C04F79EFBC}") = "AuthenticationExample.KeyGenerator", "KeyGenerator\AuthenticationExample.KeyGenerator.csproj", "{F74A84FA-5EF8-4E62-B155-DB7D51CEC134}"
EndProject
Project("{FAE04EC0-301F-11D3-BF4B-00C04F79EFBC}") = "AuthenticationExample.Web", "AuthenticationExample.Web\AuthenticationExample.Web.csproj", "{FD393AA1-CC82-4B76-9AAB-C968F4A39C6D}"
EndProject
Global
	GlobalSection(SolutionConfigurationPlatforms) = preSolution
		Debug|Any CPU = Debug|Any CPU
		Debug|Mixed Platforms = Debug|Mixed Platforms
		Debug|x86 = Debug|x86
		Release|Any CPU = Release|Any CPU
		Release|Mixed Platforms = Release|Mixed Platforms
		Release|x86 = Release|x86
	EndGlobalSection
	GlobalSection(ProjectConfigurationPlatforms) = postSolution
		{BA59E36D-677F-4F70-94DF-C75C8860F67B}.Debug|Any CPU.ActiveCfg = Debug|Any CPU
		{BA59E36D-677F-4F70-94DF-C75C8860F67B}.Debug|Any CPU.Build.0 = Debug|Any CPU
		{BA59E36D-677F-4F70-94DF-C75C8860F67B}.Debug|Mixed Platforms.ActiveCfg = Debug|Any CPU
		{BA59E36D-677F-4F70-94DF-C75C8860F67B}.Debug|Mixed Platforms.Build.0 = Debug|Any CPU
		{BA59E36D-677F-4F70-94DF-C75C8860F67B}.Debug|x86.ActiveCfg = Debug|Any CPU
		{BA59E36D-677F-4F70-94DF-C75C8860F67B}.Release|Any CPU.ActiveCfg = Release|Any CPU
		{BA59E36D-677F-4F70-94DF-C75C8860F67B}.Release|Any CPU.Build.0 = Release|Any CPU
		{BA59E36D-677F-4F70-94DF-C75C8860F67B}.Release|Mixed Platforms.ActiveCfg = Release|Any CPU
		{BA59E36D-677F-4F70-94DF-C75C8860F67B}.Release|Mixed Platforms.Build.0 = Release|Any CPU
		{BA59E36D-677F-4F70-94DF-C75C8860F67B}.Release|x86.ActiveCfg = Release|Any CPU
		{F74A84FA-5EF8-4E62-B155-DB7D51CEC134}.Debug|Any CPU.ActiveCfg = Debug|x86
		{F74A84FA-5EF8-4E62-B155-DB7D51CEC134}.Debug|Mixed Platforms.ActiveCfg = Debug|x86
		{F74A84FA-5EF8-4E62-B155-DB7D51CEC134}.Debug|Mixed Platforms.Build.0 = Debug|x86
		{F74A84FA-5EF8-4E62-B155-DB7D51CEC134}.Debug|x86.ActiveCfg = Debug|x86
		{F74A84FA-5EF8-4E62-B155-DB7D51CEC134}.Debug|x86.Build.0 = Debug|x86
		{F74A84FA-5EF8-4E62-B155-DB7D51CEC134}.Release|Any CPU.ActiveCfg = Release|x86
		{F74A84FA-5EF8-4E62-B155-DB7D51CEC134}.Release|Mixed Platforms.ActiveCfg = Release|x86
		{F74A84FA-5EF8-4E62-B155-DB7D51CEC134}.Release|Mixed Platforms.Build.0 = Release|x86
		{F74A84FA-5EF8-4E62-B155-DB7D51CEC134}.Release|x86.ActiveCfg = Release|x86
		{F74A84FA-5EF8-4E62-B155-DB7D51CEC134}.Release|x86.Build.0 = Release|x86
		{FD393AA1-CC82-4B76-9AAB-C968F4A39C6D}.Debug|Any CPU.ActiveCfg = Debug|Any CPU
		{FD393AA1-CC82-4B76-9AAB-C968F4A39C6D}.Debug|Any CPU.Build.0 = Debug|Any CPU
		{FD393AA1-CC82-4B76-9AAB-C968F4A39C6D}.Debug|Mixed Platforms.ActiveCfg = Debug|Any CPU
		{FD393AA1-CC82-4B76-9AAB-C968F4A39C6D}.Debug|Mixed Platforms.Build.0 = Debug|Any CPU
		{FD393AA1-CC82-4B76-9AAB-C968F4A39C6D}.Debug|x86.ActiveCfg = Debug|Any CPU
		{FD393AA1-CC82-4B76-9AAB-C968F4A39C6D}.Release|Any CPU.ActiveCfg = Release|Any CPU
		{FD393AA1-CC82-4B76-9AAB-C968F4A39C6D}.Release|Any CPU.Build.0 = Release|Any CPU
		{FD393AA1-CC82-4B76-9AAB-C968F4A39C6D}.Release|Mixed Platforms.ActiveCfg = Release|Any CPU
		{FD393AA1-CC82-4B76-9AAB-C968F4A39C6D}.Release|Mixed Platforms.Build.0 = Release|Any CPU
		{FD393AA1-CC82-4B76-9AAB-C968F4A39C6D}.Release|x86.ActiveCfg = Release|Any CPU
	EndGlobalSection
	GlobalSection(SolutionProperties) = preSolution
		HideSolutionNode = FALSE
	EndGlobalSection
EndGlobal
